// !$*UTF8*$!
{
	archiveVersion = 1;
	classes = {
	};
	objectVersion = 54;
	objects = {

/* Begin PBXBuildFile section */
		4329C321298EF78000FBA80F /* InternetService.swift in Sources */ = {isa = PBXBuildFile; fileRef = 4329C320298EF78000FBA80F /* InternetService.swift */; };
		4329C323298EF7D200FBA80F /* InternetHelper.swift in Sources */ = {isa = PBXBuildFile; fileRef = 4329C322298EF7D200FBA80F /* InternetHelper.swift */; };
		435A62D6294F446C00974DD6 /* AppDelegate.swift in Sources */ = {isa = PBXBuildFile; fileRef = 435A62D5294F446C00974DD6 /* AppDelegate.swift */; };
		435A62D8294F446C00974DD6 /* SceneDelegate.swift in Sources */ = {isa = PBXBuildFile; fileRef = 435A62D7294F446C00974DD6 /* SceneDelegate.swift */; };
		435A62DA294F446C00974DD6 /* ViewController.swift in Sources */ = {isa = PBXBuildFile; fileRef = 435A62D9294F446C00974DD6 /* ViewController.swift */; };
		435A62DD294F446C00974DD6 /* Main.storyboard in Resources */ = {isa = PBXBuildFile; fileRef = 435A62DB294F446C00974DD6 /* Main.storyboard */; };
		435A62E0294F446C00974DD6 /* TheBestFoodPlaceInTown.xcdatamodeld in Sources */ = {isa = PBXBuildFile; fileRef = 435A62DE294F446C00974DD6 /* TheBestFoodPlaceInTown.xcdatamodeld */; };
		435A62E2294F446D00974DD6 /* Assets.xcassets in Resources */ = {isa = PBXBuildFile; fileRef = 435A62E1294F446D00974DD6 /* Assets.xcassets */; };
		435A62E5294F446D00974DD6 /* LaunchScreen.storyboard in Resources */ = {isa = PBXBuildFile; fileRef = 435A62E3294F446D00974DD6 /* LaunchScreen.storyboard */; };
		435A62F0294F5B7500974DD6 /* MainView.swift in Sources */ = {isa = PBXBuildFile; fileRef = 435A62EF294F5B7500974DD6 /* MainView.swift */; };
		435A62F2294F5B8C00974DD6 /* PlaceDetailsView.swift in Sources */ = {isa = PBXBuildFile; fileRef = 435A62F1294F5B8C00974DD6 /* PlaceDetailsView.swift */; };
		435A62F4294F5D8400974DD6 /* PlaceDetailsViewController.swift in Sources */ = {isa = PBXBuildFile; fileRef = 435A62F3294F5D8400974DD6 /* PlaceDetailsViewController.swift */; };
		435A62F7294F5F7D00974DD6 /* PlacesViewController.swift in Sources */ = {isa = PBXBuildFile; fileRef = 435A62F6294F5F7D00974DD6 /* PlacesViewController.swift */; };
		435A6301294FA55700974DD6 /* LocationView.swift in Sources */ = {isa = PBXBuildFile; fileRef = 435A6300294FA55700974DD6 /* LocationView.swift */; };
		435A6303294FA5E500974DD6 /* LocationViewController.swift in Sources */ = {isa = PBXBuildFile; fileRef = 435A6302294FA5E500974DD6 /* LocationViewController.swift */; };
		435A6306294FA79500974DD6 /* LocationService.swift in Sources */ = {isa = PBXBuildFile; fileRef = 435A6305294FA79500974DD6 /* LocationService.swift */; };
		43B4990A298985970041611B /* NetworkService.swift in Sources */ = {isa = PBXBuildFile; fileRef = 43B49909298985970041611B /* NetworkService.swift */; };
		43DEBFD1298C492A0039662E /* PlaceTableViewCell.swift in Sources */ = {isa = PBXBuildFile; fileRef = 43DEBFCF298C492A0039662E /* PlaceTableViewCell.swift */; };
		43DEBFD2298C492A0039662E /* PlaceTableViewCell.xib in Resources */ = {isa = PBXBuildFile; fileRef = 43DEBFD0298C492A0039662E /* PlaceTableViewCell.xib */; };
		43EF8DD9298AC704009B7234 /* Models.swift in Sources */ = {isa = PBXBuildFile; fileRef = 43EF8DD8298AC704009B7234 /* Models.swift */; };
		8607D9D9ABEBC47A43F73664 /* Pods_TheBestFoodPlaceInTown.framework in Frameworks */ = {isa = PBXBuildFile; fileRef = 15051FA7F70F9F88AF86B9C8 /* Pods_TheBestFoodPlaceInTown.framework */; };
/* End PBXBuildFile section */

/* Begin PBXFileReference section */
		15051FA7F70F9F88AF86B9C8 /* Pods_TheBestFoodPlaceInTown.framework */ = {isa = PBXFileReference; explicitFileType = wrapper.framework; includeInIndex = 0; path = Pods_TheBestFoodPlaceInTown.framework; sourceTree = BUILT_PRODUCTS_DIR; };
		4329C320298EF78000FBA80F /* InternetService.swift */ = {isa = PBXFileReference; lastKnownFileType = sourcecode.swift; path = InternetService.swift; sourceTree = "<group>"; };
		4329C322298EF7D200FBA80F /* InternetHelper.swift */ = {isa = PBXFileReference; lastKnownFileType = sourcecode.swift; path = InternetHelper.swift; sourceTree = "<group>"; };
		435A62D2294F446C00974DD6 /* TheBestFoodPlaceInTown.app */ = {isa = PBXFileReference; explicitFileType = wrapper.application; includeInIndex = 0; path = TheBestFoodPlaceInTown.app; sourceTree = BUILT_PRODUCTS_DIR; };
		435A62D5294F446C00974DD6 /* AppDelegate.swift */ = {isa = PBXFileReference; lastKnownFileType = sourcecode.swift; path = AppDelegate.swift; sourceTree = "<group>"; };
		435A62D7294F446C00974DD6 /* SceneDelegate.swift */ = {isa = PBXFileReference; lastKnownFileType = sourcecode.swift; path = SceneDelegate.swift; sourceTree = "<group>"; };
		435A62D9294F446C00974DD6 /* ViewController.swift */ = {isa = PBXFileReference; lastKnownFileType = sourcecode.swift; path = ViewController.swift; sourceTree = "<group>"; };
		435A62DC294F446C00974DD6 /* Base */ = {isa = PBXFileReference; lastKnownFileType = file.storyboard; name = Base; path = Base.lproj/Main.storyboard; sourceTree = "<group>"; };
		435A62DF294F446C00974DD6 /* TheBestFoodPlaceInTown.xcdatamodel */ = {isa = PBXFileReference; lastKnownFileType = wrapper.xcdatamodel; path = TheBestFoodPlaceInTown.xcdatamodel; sourceTree = "<group>"; };
		435A62E1294F446D00974DD6 /* Assets.xcassets */ = {isa = PBXFileReference; lastKnownFileType = folder.assetcatalog; path = Assets.xcassets; sourceTree = "<group>"; };
		435A62E4294F446D00974DD6 /* Base */ = {isa = PBXFileReference; lastKnownFileType = file.storyboard; name = Base; path = Base.lproj/LaunchScreen.storyboard; sourceTree = "<group>"; };
		435A62E6294F446D00974DD6 /* Info.plist */ = {isa = PBXFileReference; lastKnownFileType = text.plist.xml; path = Info.plist; sourceTree = "<group>"; };
		435A62EF294F5B7500974DD6 /* MainView.swift */ = {isa = PBXFileReference; lastKnownFileType = sourcecode.swift; path = MainView.swift; sourceTree = "<group>"; };
		435A62F1294F5B8C00974DD6 /* PlaceDetailsView.swift */ = {isa = PBXFileReference; lastKnownFileType = sourcecode.swift; path = PlaceDetailsView.swift; sourceTree = "<group>"; };
		435A62F3294F5D8400974DD6 /* PlaceDetailsViewController.swift */ = {isa = PBXFileReference; lastKnownFileType = sourcecode.swift; path = PlaceDetailsViewController.swift; sourceTree = "<group>"; };
		435A62F6294F5F7D00974DD6 /* PlacesViewController.swift */ = {isa = PBXFileReference; lastKnownFileType = sourcecode.swift; path = PlacesViewController.swift; sourceTree = "<group>"; };
		435A6300294FA55700974DD6 /* LocationView.swift */ = {isa = PBXFileReference; lastKnownFileType = sourcecode.swift; path = LocationView.swift; sourceTree = "<group>"; };
		435A6302294FA5E500974DD6 /* LocationViewController.swift */ = {isa = PBXFileReference; lastKnownFileType = sourcecode.swift; path = LocationViewController.swift; sourceTree = "<group>"; };
		435A6305294FA79500974DD6 /* LocationService.swift */ = {isa = PBXFileReference; lastKnownFileType = sourcecode.swift; path = LocationService.swift; sourceTree = "<group>"; };
		43B49909298985970041611B /* NetworkService.swift */ = {isa = PBXFileReference; lastKnownFileType = sourcecode.swift; path = NetworkService.swift; sourceTree = "<group>"; };
		43DEBFCF298C492A0039662E /* PlaceTableViewCell.swift */ = {isa = PBXFileReference; lastKnownFileType = sourcecode.swift; path = PlaceTableViewCell.swift; sourceTree = "<group>"; };
		43DEBFD0298C492A0039662E /* PlaceTableViewCell.xib */ = {isa = PBXFileReference; lastKnownFileType = file.xib; path = PlaceTableViewCell.xib; sourceTree = "<group>"; };
		43EF8DD8298AC704009B7234 /* Models.swift */ = {isa = PBXFileReference; lastKnownFileType = sourcecode.swift; path = Models.swift; sourceTree = "<group>"; };
		BF8018E0AA44E78A4B61CF0D /* Pods-TheBestFoodPlaceInTown.release.xcconfig */ = {isa = PBXFileReference; includeInIndex = 1; lastKnownFileType = text.xcconfig; name = "Pods-TheBestFoodPlaceInTown.release.xcconfig"; path = "Target Support Files/Pods-TheBestFoodPlaceInTown/Pods-TheBestFoodPlaceInTown.release.xcconfig"; sourceTree = "<group>"; };
		D10A5B69D8043EAEC1CB994D /* Pods-TheBestFoodPlaceInTown.debug.xcconfig */ = {isa = PBXFileReference; includeInIndex = 1; lastKnownFileType = text.xcconfig; name = "Pods-TheBestFoodPlaceInTown.debug.xcconfig"; path = "Target Support Files/Pods-TheBestFoodPlaceInTown/Pods-TheBestFoodPlaceInTown.debug.xcconfig"; sourceTree = "<group>"; };
/* End PBXFileReference section */

/* Begin PBXFrameworksBuildPhase section */
		435A62CF294F446C00974DD6 /* Frameworks */ = {
			isa = PBXFrameworksBuildPhase;
			buildActionMask = 2147483647;
			files = (
				8607D9D9ABEBC47A43F73664 /* Pods_TheBestFoodPlaceInTown.framework in Frameworks */,
			);
			runOnlyForDeploymentPostprocessing = 0;
		};
/* End PBXFrameworksBuildPhase section */

/* Begin PBXGroup section */
		435A62C9294F446C00974DD6 = {
			isa = PBXGroup;
			children = (
				435A62D4294F446C00974DD6 /* TheBestFoodPlaceInTown */,
				435A62D3294F446C00974DD6 /* Products */,
				49EDE9DCA4FD3967CA86A104 /* Pods */,
				54E25F872C610ED36B73D1BF /* Frameworks */,
			);
			sourceTree = "<group>";
		};
		435A62D3294F446C00974DD6 /* Products */ = {
			isa = PBXGroup;
			children = (
				435A62D2294F446C00974DD6 /* TheBestFoodPlaceInTown.app */,
			);
			name = Products;
			sourceTree = "<group>";
		};
		435A62D4294F446C00974DD6 /* TheBestFoodPlaceInTown */ = {
			isa = PBXGroup;
			children = (
				435A6304294FA78600974DD6 /* Services */,
				435A62EC294F5B5700974DD6 /* Pages */,
				435A62D5294F446C00974DD6 /* AppDelegate.swift */,
				435A62D7294F446C00974DD6 /* SceneDelegate.swift */,
				435A62D9294F446C00974DD6 /* ViewController.swift */,
				435A62DB294F446C00974DD6 /* Main.storyboard */,
				435A62E1294F446D00974DD6 /* Assets.xcassets */,
				435A62E3294F446D00974DD6 /* LaunchScreen.storyboard */,
				435A62E6294F446D00974DD6 /* Info.plist */,
				435A62DE294F446C00974DD6 /* TheBestFoodPlaceInTown.xcdatamodeld */,
			);
			path = TheBestFoodPlaceInTown;
			sourceTree = "<group>";
		};
		435A62EC294F5B5700974DD6 /* Pages */ = {
			isa = PBXGroup;
			children = (
				435A62FD294FA51200974DD6 /* Location */,
				435A62F5294F5F4C00974DD6 /* PlacesList */,
				435A62ED294F5B6100974DD6 /* Details */,
				435A62EF294F5B7500974DD6 /* MainView.swift */,
			);
			path = Pages;
			sourceTree = "<group>";
		};
		435A62ED294F5B6100974DD6 /* Details */ = {
			isa = PBXGroup;
			children = (
				435A62EE294F5B6700974DD6 /* View */,
				435A62F3294F5D8400974DD6 /* PlaceDetailsViewController.swift */,
			);
			path = Details;
			sourceTree = "<group>";
		};
		435A62EE294F5B6700974DD6 /* View */ = {
			isa = PBXGroup;
			children = (
				435A62F1294F5B8C00974DD6 /* PlaceDetailsView.swift */,
			);
			path = View;
			sourceTree = "<group>";
		};
		435A62F5294F5F4C00974DD6 /* PlacesList */ = {
			isa = PBXGroup;
			children = (
				435A62FA294F5FF800974DD6 /* View */,
				435A62F6294F5F7D00974DD6 /* PlacesViewController.swift */,
			);
			path = PlacesList;
			sourceTree = "<group>";
		};
		435A62FA294F5FF800974DD6 /* View */ = {
			isa = PBXGroup;
			children = (
				43EF8DD8298AC704009B7234 /* Models.swift */,
				43DEBFCF298C492A0039662E /* PlaceTableViewCell.swift */,
				43DEBFD0298C492A0039662E /* PlaceTableViewCell.xib */,
			);
			path = View;
			sourceTree = "<group>";
		};
		435A62FD294FA51200974DD6 /* Location */ = {
			isa = PBXGroup;
			children = (
				435A62FF294FA53100974DD6 /* View */,
				435A6302294FA5E500974DD6 /* LocationViewController.swift */,
			);
			path = Location;
			sourceTree = "<group>";
		};
		435A62FF294FA53100974DD6 /* View */ = {
			isa = PBXGroup;
			children = (
				435A6300294FA55700974DD6 /* LocationView.swift */,
			);
			path = View;
			sourceTree = "<group>";
		};
		435A6304294FA78600974DD6 /* Services */ = {
			isa = PBXGroup;
			children = (
				435A6305294FA79500974DD6 /* LocationService.swift */,
				43B49909298985970041611B /* NetworkService.swift */,
				4329C320298EF78000FBA80F /* InternetService.swift */,
				4329C322298EF7D200FBA80F /* InternetHelper.swift */,
			);
			path = Services;
			sourceTree = "<group>";
		};
		49EDE9DCA4FD3967CA86A104 /* Pods */ = {
			isa = PBXGroup;
			children = (
				D10A5B69D8043EAEC1CB994D /* Pods-TheBestFoodPlaceInTown.debug.xcconfig */,
				BF8018E0AA44E78A4B61CF0D /* Pods-TheBestFoodPlaceInTown.release.xcconfig */,
			);
			path = Pods;
			sourceTree = "<group>";
		};
		54E25F872C610ED36B73D1BF /* Frameworks */ = {
			isa = PBXGroup;
			children = (
				15051FA7F70F9F88AF86B9C8 /* Pods_TheBestFoodPlaceInTown.framework */,
			);
			name = Frameworks;
			sourceTree = "<group>";
		};
/* End PBXGroup section */

/* Begin PBXNativeTarget section */
		435A62D1294F446C00974DD6 /* TheBestFoodPlaceInTown */ = {
			isa = PBXNativeTarget;
			buildConfigurationList = 435A62E9294F446D00974DD6 /* Build configuration list for PBXNativeTarget "TheBestFoodPlaceInTown" */;
			buildPhases = (
				A46B1024093EC919DEF655B5 /* [CP] Check Pods Manifest.lock */,
				435A62CE294F446C00974DD6 /* Sources */,
				435A62CF294F446C00974DD6 /* Frameworks */,
				435A62D0294F446C00974DD6 /* Resources */,
				8C91207AB7C651352E1BE1D2 /* [CP] Embed Pods Frameworks */,
			);
			buildRules = (
			);
			dependencies = (
			);
			name = TheBestFoodPlaceInTown;
			productName = TheBestFoodPlaceInTown;
			productReference = 435A62D2294F446C00974DD6 /* TheBestFoodPlaceInTown.app */;
			productType = "com.apple.product-type.application";
		};
/* End PBXNativeTarget section */

/* Begin PBXProject section */
		435A62CA294F446C00974DD6 /* Project object */ = {
			isa = PBXProject;
			attributes = {
				BuildIndependentTargetsInParallel = 1;
				LastSwiftUpdateCheck = 1320;
				LastUpgradeCheck = 1320;
				TargetAttributes = {
					435A62D1294F446C00974DD6 = {
						CreatedOnToolsVersion = 13.2.1;
					};
				};
			};
			buildConfigurationList = 435A62CD294F446C00974DD6 /* Build configuration list for PBXProject "TheBestFoodPlaceInTown" */;
			compatibilityVersion = "Xcode 12.0";
			developmentRegion = en;
			hasScannedForEncodings = 0;
			knownRegions = (
				en,
				Base,
			);
			mainGroup = 435A62C9294F446C00974DD6;
			productRefGroup = 435A62D3294F446C00974DD6 /* Products */;
			projectDirPath = "";
			projectRoot = "";
			targets = (
				435A62D1294F446C00974DD6 /* TheBestFoodPlaceInTown */,
			);
		};
/* End PBXProject section */

/* Begin PBXResourcesBuildPhase section */
		435A62D0294F446C00974DD6 /* Resources */ = {
			isa = PBXResourcesBuildPhase;
			buildActionMask = 2147483647;
			files = (
				435A62E5294F446D00974DD6 /* LaunchScreen.storyboard in Resources */,
				435A62E2294F446D00974DD6 /* Assets.xcassets in Resources */,
				435A62DD294F446C00974DD6 /* Main.storyboard in Resources */,
				43DEBFD2298C492A0039662E /* PlaceTableViewCell.xib in Resources */,
			);
			runOnlyForDeploymentPostprocessing = 0;
		};
/* End PBXResourcesBuildPhase section */

/* Begin PBXShellScriptBuildPhase section */
		8C91207AB7C651352E1BE1D2 /* [CP] Embed Pods Frameworks */ = {
			isa = PBXShellScriptBuildPhase;
			buildActionMask = 2147483647;
			files = (
			);
			inputFileListPaths = (
				"${PODS_ROOT}/Target Support Files/Pods-TheBestFoodPlaceInTown/Pods-TheBestFoodPlaceInTown-frameworks-${CONFIGURATION}-input-files.xcfilelist",
			);
			name = "[CP] Embed Pods Frameworks";
			outputFileListPaths = (
				"${PODS_ROOT}/Target Support Files/Pods-TheBestFoodPlaceInTown/Pods-TheBestFoodPlaceInTown-frameworks-${CONFIGURATION}-output-files.xcfilelist",
			);
			runOnlyForDeploymentPostprocessing = 0;
			shellPath = /bin/sh;
			shellScript = "\"${PODS_ROOT}/Target Support Files/Pods-TheBestFoodPlaceInTown/Pods-TheBestFoodPlaceInTown-frameworks.sh\"\n";
			showEnvVarsInLog = 0;
		};
		A46B1024093EC919DEF655B5 /* [CP] Check Pods Manifest.lock */ = {
			isa = PBXShellScriptBuildPhase;
			buildActionMask = 2147483647;
			files = (
			);
			inputFileListPaths = (
			);
			inputPaths = (
				"${PODS_PODFILE_DIR_PATH}/Podfile.lock",
				"${PODS_ROOT}/Manifest.lock",
			);
			name = "[CP] Check Pods Manifest.lock";
			outputFileListPaths = (
			);
			outputPaths = (
				"$(DERIVED_FILE_DIR)/Pods-TheBestFoodPlaceInTown-checkManifestLockResult.txt",
			);
			runOnlyForDeploymentPostprocessing = 0;
			shellPath = /bin/sh;
			shellScript = "diff \"${PODS_PODFILE_DIR_PATH}/Podfile.lock\" \"${PODS_ROOT}/Manifest.lock\" > /dev/null\nif [ $? != 0 ] ; then\n    # print error to STDERR\n    echo \"error: The sandbox is not in sync with the Podfile.lock. Run 'pod install' or update your CocoaPods installation.\" >&2\n    exit 1\nfi\n# This output is used by Xcode 'outputs' to avoid re-running this script phase.\necho \"SUCCESS\" > \"${SCRIPT_OUTPUT_FILE_0}\"\n";
			showEnvVarsInLog = 0;
		};
/* End PBXShellScriptBuildPhase section */

/* Begin PBXSourcesBuildPhase section */
		435A62CE294F446C00974DD6 /* Sources */ = {
			isa = PBXSourcesBuildPhase;
			buildActionMask = 2147483647;
			files = (
				435A62DA294F446C00974DD6 /* ViewController.swift in Sources */,
				435A62F7294F5F7D00974DD6 /* PlacesViewController.swift in Sources */,
				435A62D6294F446C00974DD6 /* AppDelegate.swift in Sources */,
				435A62F4294F5D8400974DD6 /* PlaceDetailsViewController.swift in Sources */,
				435A62E0294F446C00974DD6 /* TheBestFoodPlaceInTown.xcdatamodeld in Sources */,
				435A6303294FA5E500974DD6 /* LocationViewController.swift in Sources */,
				435A62F2294F5B8C00974DD6 /* PlaceDetailsView.swift in Sources */,
				435A6301294FA55700974DD6 /* LocationView.swift in Sources */,
				4329C323298EF7D200FBA80F /* InternetHelper.swift in Sources */,
				4329C321298EF78000FBA80F /* InternetService.swift in Sources */,
				435A62F0294F5B7500974DD6 /* MainView.swift in Sources */,
				435A6306294FA79500974DD6 /* LocationService.swift in Sources */,
				43B4990A298985970041611B /* NetworkService.swift in Sources */,
				435A62D8294F446C00974DD6 /* SceneDelegate.swift in Sources */,
				43EF8DD9298AC704009B7234 /* Models.swift in Sources */,
				43DEBFD1298C492A0039662E /* PlaceTableViewCell.swift in Sources */,
			);
			runOnlyForDeploymentPostprocessing = 0;
		};
/* End PBXSourcesBuildPhase section */

/* Begin PBXVariantGroup section */
		435A62DB294F446C00974DD6 /* Main.storyboard */ = {
			isa = PBXVariantGroup;
			children = (
				435A62DC294F446C00974DD6 /* Base */,
			);
			name = Main.storyboard;
			sourceTree = "<group>";
		};
		435A62E3294F446D00974DD6 /* LaunchScreen.storyboard */ = {
			isa = PBXVariantGroup;
			children = (
				435A62E4294F446D00974DD6 /* Base */,
			);
			name = LaunchScreen.storyboard;
			sourceTree = "<group>";
		};
/* End PBXVariantGroup section */

/* Begin XCBuildConfiguration section */
		435A62E7294F446D00974DD6 /* Debug */ = {
			isa = XCBuildConfiguration;
			buildSettings = {
				ALWAYS_SEARCH_USER_PATHS = NO;
				CLANG_ANALYZER_NONNULL = YES;
				CLANG_ANALYZER_NUMBER_OBJECT_CONVERSION = YES_AGGRESSIVE;
				CLANG_CXX_LANGUAGE_STANDARD = "gnu++17";
				CLANG_CXX_LIBRARY = "libc++";
				CLANG_ENABLE_MODULES = YES;
				CLANG_ENABLE_OBJC_ARC = YES;
				CLANG_ENABLE_OBJC_WEAK = YES;
				CLANG_WARN_BLOCK_CAPTURE_AUTORELEASING = YES;
				CLANG_WARN_BOOL_CONVERSION = YES;
				CLANG_WARN_COMMA = YES;
				CLANG_WARN_CONSTANT_CONVERSION = YES;
				CLANG_WARN_DEPRECATED_OBJC_IMPLEMENTATIONS = YES;
				CLANG_WARN_DIRECT_OBJC_ISA_USAGE = YES_ERROR;
				CLANG_WARN_DOCUMENTATION_COMMENTS = YES;
				CLANG_WARN_EMPTY_BODY = YES;
				CLANG_WARN_ENUM_CONVERSION = YES;
				CLANG_WARN_INFINITE_RECURSION = YES;
				CLANG_WARN_INT_CONVERSION = YES;
				CLANG_WARN_NON_LITERAL_NULL_CONVERSION = YES;
				CLANG_WARN_OBJC_IMPLICIT_RETAIN_SELF = YES;
				CLANG_WARN_OBJC_LITERAL_CONVERSION = YES;
				CLANG_WARN_OBJC_ROOT_CLASS = YES_ERROR;
				CLANG_WARN_QUOTED_INCLUDE_IN_FRAMEWORK_HEADER = YES;
				CLANG_WARN_RANGE_LOOP_ANALYSIS = YES;
				CLANG_WARN_STRICT_PROTOTYPES = YES;
				CLANG_WARN_SUSPICIOUS_MOVE = YES;
				CLANG_WARN_UNGUARDED_AVAILABILITY = YES_AGGRESSIVE;
				CLANG_WARN_UNREACHABLE_CODE = YES;
				CLANG_WARN__DUPLICATE_METHOD_MATCH = YES;
				COPY_PHASE_STRIP = NO;
				DEBUG_INFORMATION_FORMAT = dwarf;
				ENABLE_STRICT_OBJC_MSGSEND = YES;
				ENABLE_TESTABILITY = YES;
				GCC_C_LANGUAGE_STANDARD = gnu11;
				GCC_DYNAMIC_NO_PIC = NO;
				GCC_NO_COMMON_BLOCKS = YES;
				GCC_OPTIMIZATION_LEVEL = 0;
				GCC_PREPROCESSOR_DEFINITIONS = (
					"DEBUG=1",
					"$(inherited)",
				);
				GCC_WARN_64_TO_32_BIT_CONVERSION = YES;
				GCC_WARN_ABOUT_RETURN_TYPE = YES_ERROR;
				GCC_WARN_UNDECLARED_SELECTOR = YES;
				GCC_WARN_UNINITIALIZED_AUTOS = YES_AGGRESSIVE;
				GCC_WARN_UNUSED_FUNCTION = YES;
				GCC_WARN_UNUSED_VARIABLE = YES;
				IPHONEOS_DEPLOYMENT_TARGET = 14.0;
				MTL_ENABLE_DEBUG_INFO = INCLUDE_SOURCE;
				MTL_FAST_MATH = YES;
				ONLY_ACTIVE_ARCH = YES;
				SDKROOT = iphoneos;
				SWIFT_ACTIVE_COMPILATION_CONDITIONS = DEBUG;
				SWIFT_OPTIMIZATION_LEVEL = "-Onone";
			};
			name = Debug;
		};
		435A62E8294F446D00974DD6 /* Release */ = {
			isa = XCBuildConfiguration;
			buildSettings = {
				ALWAYS_SEARCH_USER_PATHS = NO;
				CLANG_ANALYZER_NONNULL = YES;
				CLANG_ANALYZER_NUMBER_OBJECT_CONVERSION = YES_AGGRESSIVE;
				CLANG_CXX_LANGUAGE_STANDARD = "gnu++17";
				CLANG_CXX_LIBRARY = "libc++";
				CLANG_ENABLE_MODULES = YES;
				CLANG_ENABLE_OBJC_ARC = YES;
				CLANG_ENABLE_OBJC_WEAK = YES;
				CLANG_WARN_BLOCK_CAPTURE_AUTORELEASING = YES;
				CLANG_WARN_BOOL_CONVERSION = YES;
				CLANG_WARN_COMMA = YES;
				CLANG_WARN_CONSTANT_CONVERSION = YES;
				CLANG_WARN_DEPRECATED_OBJC_IMPLEMENTATIONS = YES;
				CLANG_WARN_DIRECT_OBJC_ISA_USAGE = YES_ERROR;
				CLANG_WARN_DOCUMENTATION_COMMENTS = YES;
				CLANG_WARN_EMPTY_BODY = YES;
				CLANG_WARN_ENUM_CONVERSION = YES;
				CLANG_WARN_INFINITE_RECURSION = YES;
				CLANG_WARN_INT_CONVERSION = YES;
				CLANG_WARN_NON_LITERAL_NULL_CONVERSION = YES;
				CLANG_WARN_OBJC_IMPLICIT_RETAIN_SELF = YES;
				CLANG_WARN_OBJC_LITERAL_CONVERSION = YES;
				CLANG_WARN_OBJC_ROOT_CLASS = YES_ERROR;
				CLANG_WARN_QUOTED_INCLUDE_IN_FRAMEWORK_HEADER = YES;
				CLANG_WARN_RANGE_LOOP_ANALYSIS = YES;
				CLANG_WARN_STRICT_PROTOTYPES = YES;
				CLANG_WARN_SUSPICIOUS_MOVE = YES;
				CLANG_WARN_UNGUARDED_AVAILABILITY = YES_AGGRESSIVE;
				CLANG_WARN_UNREACHABLE_CODE = YES;
				CLANG_WARN__DUPLICATE_METHOD_MATCH = YES;
				COPY_PHASE_STRIP = NO;
				DEBUG_INFORMATION_FORMAT = "dwarf-with-dsym";
				ENABLE_NS_ASSERTIONS = NO;
				ENABLE_STRICT_OBJC_MSGSEND = YES;
				GCC_C_LANGUAGE_STANDARD = gnu11;
				GCC_NO_COMMON_BLOCKS = YES;
				GCC_WARN_64_TO_32_BIT_CONVERSION = YES;
				GCC_WARN_ABOUT_RETURN_TYPE = YES_ERROR;
				GCC_WARN_UNDECLARED_SELECTOR = YES;
				GCC_WARN_UNINITIALIZED_AUTOS = YES_AGGRESSIVE;
				GCC_WARN_UNUSED_FUNCTION = YES;
				GCC_WARN_UNUSED_VARIABLE = YES;
				IPHONEOS_DEPLOYMENT_TARGET = 14.0;
				MTL_ENABLE_DEBUG_INFO = NO;
				MTL_FAST_MATH = YES;
				SDKROOT = iphoneos;
				SWIFT_COMPILATION_MODE = wholemodule;
				SWIFT_OPTIMIZATION_LEVEL = "-O";
				VALIDATE_PRODUCT = YES;
			};
			name = Release;
		};
		435A62EA294F446D00974DD6 /* Debug */ = {
			isa = XCBuildConfiguration;
			baseConfigurationReference = D10A5B69D8043EAEC1CB994D /* Pods-TheBestFoodPlaceInTown.debug.xcconfig */;
			buildSettings = {
				ASSETCATALOG_COMPILER_APPICON_NAME = AppIcon;
				ASSETCATALOG_COMPILER_GLOBAL_ACCENT_COLOR_NAME = AccentColor;
				CODE_SIGN_STYLE = Automatic;
				CURRENT_PROJECT_VERSION = 1;
				DEVELOPMENT_TEAM = C7T7MNSP5C;
				GENERATE_INFOPLIST_FILE = YES;
				INFOPLIST_FILE = TheBestFoodPlaceInTown/Info.plist;
				INFOPLIST_KEY_NSLocationWhenInUseUsageDescription = "To access location";
				INFOPLIST_KEY_UIApplicationSupportsIndirectInputEvents = YES;
				INFOPLIST_KEY_UILaunchStoryboardName = LaunchScreen;
				INFOPLIST_KEY_UIMainStoryboardFile = Main;
				INFOPLIST_KEY_UISupportedInterfaceOrientations_iPad = "UIInterfaceOrientationPortrait UIInterfaceOrientationPortraitUpsideDown UIInterfaceOrientationLandscapeLeft UIInterfaceOrientationLandscapeRight";
				INFOPLIST_KEY_UISupportedInterfaceOrientations_iPhone = "UIInterfaceOrientationPortrait UIInterfaceOrientationLandscapeLeft UIInterfaceOrientationLandscapeRight";
				INFOPLIST_KEY_UIUserInterfaceStyle = Light;
				LD_RUNPATH_SEARCH_PATHS = (
					"$(inherited)",
					"@executable_path/Frameworks",
				);
				MARKETING_VERSION = 1.0;
				PRODUCT_BUNDLE_IDENTIFIER = com.muratceyhun.TheBestFoodPlaceInTown;
				PRODUCT_NAME = "$(TARGET_NAME)";
				SWIFT_EMIT_LOC_STRINGS = YES;
				SWIFT_VERSION = 5.0;
				TARGETED_DEVICE_FAMILY = "1,2";
			};
			name = Debug;
		};
		435A62EB294F446D00974DD6 /* Release */ = {
			isa = XCBuildConfiguration;
			baseConfigurationReference = BF8018E0AA44E78A4B61CF0D /* Pods-TheBestFoodPlaceInTown.release.xcconfig */;
			buildSettings = {
				ASSETCATALOG_COMPILER_APPICON_NAME = AppIcon;
				ASSETCATALOG_COMPILER_GLOBAL_ACCENT_COLOR_NAME = AccentColor;
				CODE_SIGN_STYLE = Automatic;
				CURRENT_PROJECT_VERSION = 1;
				DEVELOPMENT_TEAM = C7T7MNSP5C;
				GENERATE_INFOPLIST_FILE = YES;
				INFOPLIST_FILE = TheBestFoodPlaceInTown/Info.plist;
				INFOPLIST_KEY_NSLocationWhenInUseUsageDescription = "To access location";
				INFOPLIST_KEY_UIApplicationSupportsIndirectInputEvents = YES;
				INFOPLIST_KEY_UILaunchStoryboardName = LaunchScreen;
				INFOPLIST_KEY_UIMainStoryboardFile = Main;
				INFOPLIST_KEY_UISupportedInterfaceOrientations_iPad = "UIInterfaceOrientationPortrait UIInterfaceOrientationPortraitUpsideDown UIInterfaceOrientationLandscapeLeft UIInterfaceOrientationLandscapeRight";
				INFOPLIST_KEY_UISupportedInterfaceOrientations_iPhone = "UIInterfaceOrientationPortrait UIInterfaceOrientationLandscapeLeft UIInterfaceOrientationLandscapeRight";
				INFOPLIST_KEY_UIUserInterfaceStyle = Light;
				LD_RUNPATH_SEARCH_PATHS = (
					"$(inherited)",
					"@executable_path/Frameworks",
				);
				MARKETING_VERSION = 1.0;
				PRODUCT_BUNDLE_IDENTIFIER = com.muratceyhun.TheBestFoodPlaceInTown;
				PRODUCT_NAME = "$(TARGET_NAME)";
				SWIFT_EMIT_LOC_STRINGS = YES;
				SWIFT_VERSION = 5.0;
				TARGETED_DEVICE_FAMILY = "1,2";
			};
			name = Release;
		};
/* End XCBuildConfiguration section */

/* Begin XCConfigurationList section */
		435A62CD294F446C00974DD6 /* Build configuration list for PBXProject "TheBestFoodPlaceInTown" */ = {
			isa = XCConfigurationList;
			buildConfigurations = (
				435A62E7294F446D00974DD6 /* Debug */,
				435A62E8294F446D00974DD6 /* Release */,
			);
			defaultConfigurationIsVisible = 0;
			defaultConfigurationName = Release;
		};
		435A62E9294F446D00974DD6 /* Build configuration list for PBXNativeTarget "TheBestFoodPlaceInTown" */ = {
			isa = XCConfigurationList;
			buildConfigurations = (
				435A62EA294F446D00974DD6 /* Debug */,
				435A62EB294F446D00974DD6 /* Release */,
			);
			defaultConfigurationIsVisible = 0;
			defaultConfigurationName = Release;
		};
/* End XCConfigurationList section */

/* Begin XCVersionGroup section */
		435A62DE294F446C00974DD6 /* TheBestFoodPlaceInTown.xcdatamodeld */ = {
			isa = XCVersionGroup;
			children = (
				435A62DF294F446C00974DD6 /* TheBestFoodPlaceInTown.xcdatamodel */,
			);
			currentVersion = 435A62DF294F446C00974DD6 /* TheBestFoodPlaceInTown.xcdatamodel */;
			path = TheBestFoodPlaceInTown.xcdatamodeld;
			sourceTree = "<group>";
			versionGroupType = wrapper.xcdatamodel;
		};
/* End XCVersionGroup section */
	};
	rootObject = 435A62CA294F446C00974DD6 /* Project object */;
}
